
Microsoft Visual Studio Solution File, Format Version 12.00
# Visual Studio Version 17
VisualStudioVersion = 17.14.36301.6 d17.14
MinimumVisualStudioVersion = 10.0.40219.1
Project("{FAE04EC0-301F-11D3-BF4B-00C04F79EFBC}") = "azure-storage-track2", "azure-storage-track2.csproj", "{559BE96F-DF37-4531-B249-ADBC712B6B57}"
EndProject
Global
	GlobalSection(SolutionConfigurationPlatforms) = preSolution
		Debug|Any CPU = Debug|Any CPU
		Release|Any CPU = Release|Any CPU
	EndGlobalSection
	GlobalSection(ProjectConfigurationPlatforms) = postSolution
		{559BE96F-DF37-4531-B249-ADBC712B6B57}.Debug|Any CPU.ActiveCfg = Debug|Any CPU
		{559BE96F-DF37-4531-B249-ADBC712B6B57}.Debug|Any CPU.Build.0 = Debug|Any CPU
		{559BE96F-DF37-4531-B249-ADBC712B6B57}.Release|Any CPU.ActiveCfg = Release|Any CPU
		{559BE96F-DF37-4531-B249-ADBC712B6B57}.Release|Any CPU.Build.0 = Release|Any CPU
	EndGlobalSection
	GlobalSection(SolutionProperties) = preSolution
		HideSolutionNode = FALSE
	EndGlobalSection
	GlobalSection(ExtensibilityGlobals) = postSolution
		SolutionGuid = {72F03B3D-01F0-4A71-93DF-2C079194F2F6}
	EndGlobalSection
EndGlobal
